<?xml version="1.0" encoding="utf-8"?>
<Project ToolsVersion="4.0" xmlns="http://schemas.microsoft.com/developer/msbuild/2003">
  <ItemGroup>
    <Filter Include="Form Files">
      <UniqueIdentifier>{99349809-55BA-4b9d-BF79-8FDBB0286EB3}</UniqueIdentifier>
      <Extensions>ui</Extensions>
      <ParseFiles>false</ParseFiles>
    </Filter>
    <Filter Include="Form Files">
      <UniqueIdentifier>{99349809-55BA-4b9d-BF79-8FDBB0286EB3}</UniqueIdentifier>
      <Extensions>ui</Extensions>
      <ParseFiles>false</ParseFiles>
    </Filter>
    <Filter Include="Generated Files">
      <UniqueIdentifier>{71ED8ED8-ACB9-4CE9-BBE1-E00B30144E11}</UniqueIdentifier>
      <Extensions>cpp;c;cxx;moc;h;def;odl;idl;res;</Extensions>
    </Filter>
    <Filter Include="Generated Files">
      <UniqueIdentifier>{71ED8ED8-ACB9-4CE9-BBE1-E00B30144E11}</UniqueIdentifier>
      <Extensions>cpp;c;cxx;moc;h;def;odl;idl;res;</Extensions>
    </Filter>
    <Filter Include="Header Files">
      <UniqueIdentifier>{93995380-89BD-4b04-88EB-625FBE52EBFB}</UniqueIdentifier>
      <Extensions>h;hpp;hxx;hm;inl;inc;xsd</Extensions>
    </Filter>
    <Filter Include="Header Files">
      <UniqueIdentifier>{93995380-89BD-4b04-88EB-625FBE52EBFB}</UniqueIdentifier>
      <Extensions>h;hpp;hxx;hm;inl;inc;xsd</Extensions>
    </Filter>
    <Filter Include="Source Files">
      <UniqueIdentifier>{4FC737F1-C7A5-4376-A066-2A32D752A2FF}</UniqueIdentifier>
      <Extensions>cpp;c;cxx;def;odl;idl;hpj;bat;asm;asmx</Extensions>
    </Filter>
    <Filter Include="Source Files">
      <UniqueIdentifier>{4FC737F1-C7A5-4376-A066-2A32D752A2FF}</UniqueIdentifier>
      <Extensions>cpp;c;cxx;def;odl;idl;hpj;bat;asm;asmx</Extensions>
    </Filter>
    <Filter Include="Generated Files\Debug">
      <UniqueIdentifier>{a585e84c-51c9-405b-a44b-5ce92fa1249d}</UniqueIdentifier>
      <Extensions>cpp;moc</Extensions>
      <SourceControlFiles>False</SourceControlFiles>
    </Filter>
    <Filter Include="Generated Files\Release">
      <UniqueIdentifier>{cc8bd8d8-852c-415d-b57e-aff4b5ce1f6c}</UniqueIdentifier>
      <Extensions>cpp;moc</Extensions>
      <SourceControlFiles>False</SourceControlFiles>
    </Filter>
    <Filter Include="Header Files\Raytracer">
      <UniqueIdentifier>{3add9a9c-a21c-434e-9653-04108fbb1e4b}</UniqueIdentifier>
    </Filter>
    <Filter Include="Header Files\Interface">
      <UniqueIdentifier>{62e3b964-d820-4bca-bf3c-ebd241e12ad8}</UniqueIdentifier>
    </Filter>
    <Filter Include="Source Files\Interface">
      <UniqueIdentifier>{76b7935e-5a6c-4af7-938a-a12d6f916ddd}</UniqueIdentifier>
    </Filter>
    <Filter Include="Source Files\Raytracer">
      <UniqueIdentifier>{475fd60a-b399-484a-adef-3929c2eb3a86}</UniqueIdentifier>
    </Filter>
    <Filter Include="Header Files\Readers">
      <UniqueIdentifier>{002d0c45-d775-4475-ae65-985de7f68555}</UniqueIdentifier>
    </Filter>
    <Filter Include="Source Files\Readers">
      <UniqueIdentifier>{5ac1a208-d1d7-499f-ac71-d801f8678a46}</UniqueIdentifier>
    </Filter>
    <Filter Include="Header Files\Raytracer\Scene">
      <UniqueIdentifier>{530b022b-7049-404e-9a00-e3c1245fff16}</UniqueIdentifier>
    </Filter>
    <Filter Include="Source Files\Raytracer\Scene">
      <UniqueIdentifier>{7e444054-8b04-4e5c-90c4-b0db54a27c09}</UniqueIdentifier>
    </Filter>
  </ItemGroup>
  <ItemGroup>
    <ClCompile Include="Debug\moc_glWidget.cpp">
      <Filter>Generated Files\Debug</Filter>
    </ClCompile>
    <ClCompile Include="Release\moc_glWidget.cpp">
      <Filter>Generated Files\Release</Filter>
    </ClCompile>
    <ClCompile Include="Debug\moc_window.cpp">
      <Filter>Generated Files\Debug</Filter>
    </ClCompile>
    <ClCompile Include="Release\moc_window.cpp">
      <Filter>Generated Files\Release</Filter>
    </ClCompile>
    <ClCompile Include="Main.cpp">
      <Filter>Source Files</Filter>
    </ClCompile>
    <ClCompile Include="BoundingBox.cpp">
      <Filter>Source Files\Raytracer</Filter>
    </ClCompile>
    <ClCompile Include="ColorD.cpp">
      <Filter>Source Files\Raytracer</Filter>
    </ClCompile>
    <ClCompile Include="glWidget.cpp">
      <Filter>Source Files\Interface</Filter>
    </ClCompile>
    <ClCompile Include="Intersections.cpp">
      <Filter>Source Files\Raytracer</Filter>
    </ClCompile>
    <ClCompile Include="Matrix3x3D.cpp">
      <Filter>Source Files\Raytracer</Filter>
    </ClCompile>
    <ClCompile Include="Octree.cpp">
      <Filter>Source Files\Raytracer</Filter>
    </ClCompile>
    <ClCompile Include="Vector3D.cpp">
      <Filter>Source Files\Raytracer</Filter>
    </ClCompile>
    <ClCompile Include="window.cpp">
      <Filter>Source Files\Interface</Filter>
    </ClCompile>
    <ClCompile Include="Debug\moc_renderDialog.cpp">
      <Filter>Generated Files\Debug</Filter>
    </ClCompile>
    <ClCompile Include="Release\moc_renderDialog.cpp">
      <Filter>Generated Files\Release</Filter>
    </ClCompile>
    <ClCompile Include="renderDialog.cpp">
      <Filter>Source Files\Interface</Filter>
    </ClCompile>
    <ClCompile Include="renderViewer.cpp">
      <Filter>Source Files\Interface</Filter>
    </ClCompile>
    <ClCompile Include="Debug\moc_renderViewer.cpp">
      <Filter>Generated Files\Debug</Filter>
    </ClCompile>
    <ClCompile Include="Release\moc_renderViewer.cpp">
      <Filter>Generated Files\Release</Filter>
    </ClCompile>
    <ClCompile Include="MtlReader.cpp">
      <Filter>Source Files\Readers</Filter>
    </ClCompile>
    <ClCompile Include="ObjReader.cpp">
      <Filter>Source Files\Readers</Filter>
    </ClCompile>
    <ClCompile Include="Reader.cpp">
      <Filter>Source Files\Readers</Filter>
    </ClCompile>
    <ClCompile Include="Scene.cpp">
      <Filter>Source Files\Raytracer\Scene</Filter>
    </ClCompile>
    <ClCompile Include="Vector2D.cpp">
      <Filter>Source Files\Raytracer</Filter>
    </ClCompile>
    <ClCompile Include="Quaternion.cpp">
      <Filter>Source Files\Raytracer</Filter>
    </ClCompile>
    <ClCompile Include="cameraControls.cpp">
      <Filter>Source Files\Interface</Filter>
    </ClCompile>
    <ClCompile Include="Debug\moc_cameraControls.cpp">
      <Filter>Generated Files\Debug</Filter>
    </ClCompile>
    <ClCompile Include="Release\moc_cameraControls.cpp">
      <Filter>Generated Files\Release</Filter>
    </ClCompile>
    <ClCompile Include="Camera.cpp">
      <Filter>Source Files\Raytracer\Scene</Filter>
    </ClCompile>
    <ClCompile Include="BVHTree.cpp">
      <Filter>Source Files\Raytracer</Filter>
    </ClCompile>
  </ItemGroup>
  <ItemGroup>
    <ClInclude Include="GeneratedFiles\ui_window.h">
      <Filter>Generated Files</Filter>
    </ClInclude>
    <ClInclude Include="BoundingBox.h">
      <Filter>Header Files\Raytracer</Filter>
    </ClInclude>
    <ClInclude Include="ColorD.h">
      <Filter>Header Files\Raytracer</Filter>
    </ClInclude>
    <ClInclude Include="Intersections.h">
      <Filter>Header Files\Raytracer</Filter>
    </ClInclude>
    <ClInclude Include="Matrix3x3D.h">
      <Filter>Header Files\Raytracer</Filter>
    </ClInclude>
    <ClInclude Include="Octree.h">
      <Filter>Header Files\Raytracer</Filter>
    </ClInclude>
    <ClInclude Include="Ray.h">
      <Filter>Header Files\Raytracer</Filter>
    </ClInclude>
    <ClInclude Include="Triangle.h">
      <Filter>Header Files\Raytracer</Filter>
    </ClInclude>
    <ClInclude Include="GeneratedFiles\ui_renderDialog.h">
      <Filter>Generated Files</Filter>
    </ClInclude>
    <ClInclude Include="GeneratedFiles\ui_renderViewer.h">
      <Filter>Generated Files</Filter>
    </ClInclude>
    <ClInclude Include="MtlReader.h">
      <Filter>Header Files\Readers</Filter>
    </ClInclude>
    <ClInclude Include="ObjReader.h">
      <Filter>Header Files\Readers</Filter>
    </ClInclude>
    <ClInclude Include="Reader.h">
      <Filter>Header Files\Readers</Filter>
    </ClInclude>
    <ClInclude Include="Object.h">
      <Filter>Header Files\Raytracer\Scene</Filter>
    </ClInclude>
    <ClInclude Include="Scene.h">
      <Filter>Header Files\Raytracer\Scene</Filter>
    </ClInclude>
    <ClInclude Include="Material.h">
      <Filter>Header Files\Raytracer\Scene</Filter>
    </ClInclude>
    <ClInclude Include="Vector2D.h">
      <Filter>Header Files\Raytracer</Filter>
    </ClInclude>
    <ClInclude Include="Quaternion.h">
      <Filter>Header Files\Raytracer</Filter>
    </ClInclude>
    <ClInclude Include="GeneratedFiles\ui_cameraControls.h">
      <Filter>Generated Files</Filter>
    </ClInclude>
    <ClInclude Include="Camera.h">
      <Filter>Header Files\Raytracer\Scene</Filter>
    </ClInclude>
    <ClInclude Include="BVHTree.h">
      <Filter>Header Files\Raytracer</Filter>
    </ClInclude>
  </ItemGroup>
  <ItemGroup>
    <CustomBuild Include="window.ui">
      <Filter>Form Files</Filter>
    </CustomBuild>
    <CustomBuild Include="glWidget.h">
      <Filter>Header Files\Interface</Filter>
    </CustomBuild>
    <CustomBuild Include="window.h">
      <Filter>Header Files\Interface</Filter>
    </CustomBuild>
    <CustomBuild Include="renderDialog.ui">
      <Filter>Form Files</Filter>
    </CustomBuild>
    <CustomBuild Include="renderDialog.h">
      <Filter>Header Files\Interface</Filter>
    </CustomBuild>
    <CustomBuild Include="renderViewer.h">
      <Filter>Header Files\Interface</Filter>
    </CustomBuild>
    <CustomBuild Include="renderViewer.ui">
      <Filter>Form Files</Filter>
    </CustomBuild>
    <CustomBuild Include="cameraControls.ui">
      <Filter>Form Files</Filter>
    </CustomBuild>
    <CustomBuild Include="cameraControls.h">
      <Filter>Header Files\Interface</Filter>
    </CustomBuild>
  </ItemGroup>
  <ItemGroup>
    <ClInclude Include="Vector3D.h">
      <Filter>Header Files\Raytracer</Filter>
    </ClInclude>
    <ClInclude Include="Vertex.h">
      <Filter>Header Files\Raytracer</Filter>
    </ClInclude>
  </ItemGroup>
</Project>